{
  "name": "uppy-image-compressor",
  "version": "1.0.0",
  "lockfileVersion": 1,
  "requires": true,
  "dependencies": {
    "blueimp-canvas-to-blob": {
      "version": "3.14.0",
      "resolved": "https://registry.npmjs.org/blueimp-canvas-to-blob/-/blueimp-canvas-to-blob-3.14.0.tgz",
      "integrity": "sha512-i6I2CiX1VR8YwUNYBo+dM8tg89ns4TTHxSpWjaDeHKcYS3yFalpLCwDaY21/EsJMufLy2tnG4j0JN5L8OVNkKQ=="
    },
    "compressorjs": {
      "version": "1.0.5",
      "resolved": "https://registry.npmjs.org/compressorjs/-/compressorjs-1.0.5.tgz",
      "integrity": "sha512-QUcAxEOG/qc/BoSbmv9Y1lZrKz7uEPbMirNgT4c/S0xibRB24hz+2pkNBUs9FPvY5nKKxsELkXIono/DBwe8XQ==",
      "requires": {
        "blueimp-canvas-to-blob": "^3.14.0",
        "is-blob": "^2.0.1"
      }
    },
    "is-blob": {
      "version": "2.0.1",
      "resolved": "https://registry.npmjs.org/is-blob/-/is-blob-2.0.1.tgz",
      "integrity": "sha512-SmqVJYMnAeqrKLcwq6TXu1rpAg3yipVlMZIqR5u510rxoOzJGW9GQY6g+WtWkcc44pjbWAuxzZDCkbgf5e6r0Q=="
    }
  }
}
